// !$*UTF8*$!
{
	archiveVersion = 1;
	classes = {
	};
	objectVersion = 56;
	objects = {

/* Begin PBXBuildFile section */
		30415B502AACC319009956DD /* Assets.xcassets in Resources */ = {isa = PBXBuildFile; fileRef = 30415B4F2AACC319009956DD /* Assets.xcassets */; };
		30415B532AACC319009956DD /* Preview Assets.xcassets in Resources */ = {isa = PBXBuildFile; fileRef = 30415B522AACC319009956DD /* Preview Assets.xcassets */; };
		30415B7A2AAD2D54009956DD /* german.txt in Resources */ = {isa = PBXBuildFile; fileRef = 30415B792AAD2D54009956DD /* german.txt */; };
		3079086C2AC8415C00315D13 /* SolutionView.swift in Sources */ = {isa = PBXBuildFile; fileRef = 3079086B2AC8415C00315D13 /* SolutionView.swift */; };
		3084A1D02AC36AE500DC8BF9 /* WordleApp.swift in Sources */ = {isa = PBXBuildFile; fileRef = 3084A1CF2AC36AE500DC8BF9 /* WordleApp.swift */; };
		3084A1D22AC36B4E00DC8BF9 /* WordleView.swift in Sources */ = {isa = PBXBuildFile; fileRef = 3084A1D12AC36B4E00DC8BF9 /* WordleView.swift */; };
		3084A1D42AC36B8200DC8BF9 /* KeyboardView.swift in Sources */ = {isa = PBXBuildFile; fileRef = 3084A1D32AC36B8200DC8BF9 /* KeyboardView.swift */; };
		3084A1D62AC36BAC00DC8BF9 /* StatisticsView.swift in Sources */ = {isa = PBXBuildFile; fileRef = 3084A1D52AC36BAC00DC8BF9 /* StatisticsView.swift */; };
		3084A1D82AC36BE200DC8BF9 /* SettingsView.swift in Sources */ = {isa = PBXBuildFile; fileRef = 3084A1D72AC36BE200DC8BF9 /* SettingsView.swift */; };
		3084A1DA2AC36C2000DC8BF9 /* WordleViewModel.swift in Sources */ = {isa = PBXBuildFile; fileRef = 3084A1D92AC36C2000DC8BF9 /* WordleViewModel.swift */; };
		3084A1DC2AC36C4900DC8BF9 /* WordleModel.swift in Sources */ = {isa = PBXBuildFile; fileRef = 3084A1DB2AC36C4900DC8BF9 /* WordleModel.swift */; };
		3084A1DE2AC36D2600DC8BF9 /* Effects.swift in Sources */ = {isa = PBXBuildFile; fileRef = 3084A1DD2AC36D2600DC8BF9 /* Effects.swift */; };
		3084A1E02AC377EF00DC8BF9 /* LetterView.swift in Sources */ = {isa = PBXBuildFile; fileRef = 3084A1DF2AC377EF00DC8BF9 /* LetterView.swift */; };
/* End PBXBuildFile section */

/* Begin PBXFileReference section */
		30415B482AACC318009956DD /* Wordle.app */ = {isa = PBXFileReference; explicitFileType = wrapper.application; includeInIndex = 0; path = Wordle.app; sourceTree = BUILT_PRODUCTS_DIR; };
		30415B4F2AACC319009956DD /* Assets.xcassets */ = {isa = PBXFileReference; lastKnownFileType = folder.assetcatalog; path = Assets.xcassets; sourceTree = "<group>"; };
		30415B522AACC319009956DD /* Preview Assets.xcassets */ = {isa = PBXFileReference; lastKnownFileType = folder.assetcatalog; path = "Preview Assets.xcassets"; sourceTree = "<group>"; };
		30415B792AAD2D54009956DD /* german.txt */ = {isa = PBXFileReference; fileEncoding = 4; lastKnownFileType = text; path = german.txt; sourceTree = "<group>"; };
		3079086B2AC8415C00315D13 /* SolutionView.swift */ = {isa = PBXFileReference; lastKnownFileType = sourcecode.swift; path = SolutionView.swift; sourceTree = "<group>"; };
		3084A1CF2AC36AE500DC8BF9 /* WordleApp.swift */ = {isa = PBXFileReference; lastKnownFileType = sourcecode.swift; path = WordleApp.swift; sourceTree = "<group>"; };
		3084A1D12AC36B4E00DC8BF9 /* WordleView.swift */ = {isa = PBXFileReference; lastKnownFileType = sourcecode.swift; path = WordleView.swift; sourceTree = "<group>"; };
		3084A1D32AC36B8200DC8BF9 /* KeyboardView.swift */ = {isa = PBXFileReference; lastKnownFileType = sourcecode.swift; path = KeyboardView.swift; sourceTree = "<group>"; };
		3084A1D52AC36BAC00DC8BF9 /* StatisticsView.swift */ = {isa = PBXFileReference; lastKnownFileType = sourcecode.swift; path = StatisticsView.swift; sourceTree = "<group>"; };
		3084A1D72AC36BE200DC8BF9 /* SettingsView.swift */ = {isa = PBXFileReference; lastKnownFileType = sourcecode.swift; path = SettingsView.swift; sourceTree = "<group>"; };
		3084A1D92AC36C2000DC8BF9 /* WordleViewModel.swift */ = {isa = PBXFileReference; lastKnownFileType = sourcecode.swift; path = WordleViewModel.swift; sourceTree = "<group>"; };
		3084A1DB2AC36C4900DC8BF9 /* WordleModel.swift */ = {isa = PBXFileReference; lastKnownFileType = sourcecode.swift; path = WordleModel.swift; sourceTree = "<group>"; };
		3084A1DD2AC36D2600DC8BF9 /* Effects.swift */ = {isa = PBXFileReference; lastKnownFileType = sourcecode.swift; path = Effects.swift; sourceTree = "<group>"; };
		3084A1DF2AC377EF00DC8BF9 /* LetterView.swift */ = {isa = PBXFileReference; lastKnownFileType = sourcecode.swift; path = LetterView.swift; sourceTree = "<group>"; };
/* End PBXFileReference section */

/* Begin PBXFrameworksBuildPhase section */
		30415B452AACC318009956DD /* Frameworks */ = {
			isa = PBXFrameworksBuildPhase;
			buildActionMask = 2147483647;
			files = (
			);
			runOnlyForDeploymentPostprocessing = 0;
		};
/* End PBXFrameworksBuildPhase section */

/* Begin PBXGroup section */
		30415B3F2AACC318009956DD = {
			isa = PBXGroup;
			children = (
				30415B4A2AACC318009956DD /* Wordle */,
				30415B492AACC318009956DD /* Products */,
			);
			sourceTree = "<group>";
		};
		30415B492AACC318009956DD /* Products */ = {
			isa = PBXGroup;
			children = (
				30415B482AACC318009956DD /* Wordle.app */,
			);
			name = Products;
			sourceTree = "<group>";
		};
		30415B4A2AACC318009956DD /* Wordle */ = {
			isa = PBXGroup;
			children = (
				3084A1CF2AC36AE500DC8BF9 /* WordleApp.swift */,
				3084A1D12AC36B4E00DC8BF9 /* WordleView.swift */,
				3084A1DF2AC377EF00DC8BF9 /* LetterView.swift */,
				3084A1D32AC36B8200DC8BF9 /* KeyboardView.swift */,
				3084A1D52AC36BAC00DC8BF9 /* StatisticsView.swift */,
				3084A1D72AC36BE200DC8BF9 /* SettingsView.swift */,
				3079086B2AC8415C00315D13 /* SolutionView.swift */,
				3084A1D92AC36C2000DC8BF9 /* WordleViewModel.swift */,
				3084A1DB2AC36C4900DC8BF9 /* WordleModel.swift */,
				3084A1DD2AC36D2600DC8BF9 /* Effects.swift */,
				30415B4F2AACC319009956DD /* Assets.xcassets */,
				30415B792AAD2D54009956DD /* german.txt */,
				30415B512AACC319009956DD /* Preview Content */,
			);
			path = Wordle;
			sourceTree = "<group>";
		};
		30415B512AACC319009956DD /* Preview Content */ = {
			isa = PBXGroup;
			children = (
				30415B522AACC319009956DD /* Preview Assets.xcassets */,
			);
			path = "Preview Content";
			sourceTree = "<group>";
		};
/* End PBXGroup section */

/* Begin PBXNativeTarget section */
		30415B472AACC318009956DD /* Wordle */ = {
			isa = PBXNativeTarget;
			buildConfigurationList = 30415B6C2AACC319009956DD /* Build configuration list for PBXNativeTarget "Wordle" */;
			buildPhases = (
				30415B442AACC318009956DD /* Sources */,
				30415B452AACC318009956DD /* Frameworks */,
				30415B462AACC318009956DD /* Resources */,
			);
			buildRules = (
			);
			dependencies = (
			);
			name = Wordle;
			productName = Wordle;
			productReference = 30415B482AACC318009956DD /* Wordle.app */;
			productType = "com.apple.product-type.application";
		};
/* End PBXNativeTarget section */

/* Begin PBXProject section */
		30415B402AACC318009956DD /* Project object */ = {
			isa = PBXProject;
			attributes = {
				BuildIndependentTargetsInParallel = 1;
				LastSwiftUpdateCheck = 1430;
				LastUpgradeCheck = 1430;
				TargetAttributes = {
					30415B472AACC318009956DD = {
						CreatedOnToolsVersion = 14.3.1;
						LastSwiftMigration = 1430;
					};
				};
			};
			buildConfigurationList = 30415B432AACC318009956DD /* Build configuration list for PBXProject "Wordle" */;
			compatibilityVersion = "Xcode 14.0";
			developmentRegion = en;
			hasScannedForEncodings = 0;
			knownRegions = (
				en,
				Base,
			);
			mainGroup = 30415B3F2AACC318009956DD;
			productRefGroup = 30415B492AACC318009956DD /* Products */;
			projectDirPath = "";
			projectRoot = "";
			targets = (
				30415B472AACC318009956DD /* Wordle */,
			);
		};
/* End PBXProject section */

/* Begin PBXResourcesBuildPhase section */
		30415B462AACC318009956DD /* Resources */ = {
			isa = PBXResourcesBuildPhase;
			buildActionMask = 2147483647;
			files = (
				30415B532AACC319009956DD /* Preview Assets.xcassets in Resources */,
				30415B7A2AAD2D54009956DD /* german.txt in Resources */,
				30415B502AACC319009956DD /* Assets.xcassets in Resources */,
			);
			runOnlyForDeploymentPostprocessing = 0;
		};
/* End PBXResourcesBuildPhase section */

/* Begin PBXSourcesBuildPhase section */
		30415B442AACC318009956DD /* Sources */ = {
			isa = PBXSourcesBuildPhase;
			buildActionMask = 2147483647;
			files = (
				3084A1DE2AC36D2600DC8BF9 /* Effects.swift in Sources */,
				3084A1E02AC377EF00DC8BF9 /* LetterView.swift in Sources */,
				3084A1D82AC36BE200DC8BF9 /* SettingsView.swift in Sources */,
				3084A1D42AC36B8200DC8BF9 /* KeyboardView.swift in Sources */,
				3084A1D62AC36BAC00DC8BF9 /* StatisticsView.swift in Sources */,
				3084A1D02AC36AE500DC8BF9 /* WordleApp.swift in Sources */,
				3084A1DC2AC36C4900DC8BF9 /* WordleModel.swift in Sources */,
				3079086C2AC8415C00315D13 /* SolutionView.swift in Sources */,
				3084A1D22AC36B4E00DC8BF9 /* WordleView.swift in Sources */,
				3084A1DA2AC36C2000DC8BF9 /* WordleViewModel.swift in Sources */,
			);
			runOnlyForDeploymentPostprocessing = 0;
		};
/* End PBXSourcesBuildPhase section */

/* Begin XCBuildConfiguration section */
		30415B6A2AACC319009956DD /* Debug */ = {
			isa = XCBuildConfiguration;
			buildSettings = {
				ALWAYS_SEARCH_USER_PATHS = NO;
				CLANG_ANALYZER_NONNULL = YES;
				CLANG_ANALYZER_NUMBER_OBJECT_CONVERSION = YES_AGGRESSIVE;
				CLANG_CXX_LANGUAGE_STANDARD = "gnu++20";
				CLANG_ENABLE_MODULES = YES;
				CLANG_ENABLE_OBJC_ARC = YES;
				CLANG_ENABLE_OBJC_WEAK = YES;
				CLANG_WARN_BLOCK_CAPTURE_AUTORELEASING = YES;
				CLANG_WARN_BOOL_CONVERSION = YES;
				CLANG_WARN_COMMA = YES;
				CLANG_WARN_CONSTANT_CONVERSION = YES;
				CLANG_WARN_DEPRECATED_OBJC_IMPLEMENTATIONS = YES;
				CLANG_WARN_DIRECT_OBJC_ISA_USAGE = YES_ERROR;
				CLANG_WARN_DOCUMENTATION_COMMENTS = YES;
				CLANG_WARN_EMPTY_BODY = YES;
				CLANG_WARN_ENUM_CONVERSION = YES;
				CLANG_WARN_INFINITE_RECURSION = YES;
				CLANG_WARN_INT_CONVERSION = YES;
				CLANG_WARN_NON_LITERAL_NULL_CONVERSION = YES;
				CLANG_WARN_OBJC_IMPLICIT_RETAIN_SELF = YES;
				CLANG_WARN_OBJC_LITERAL_CONVERSION = YES;
				CLANG_WARN_OBJC_ROOT_CLASS = YES_ERROR;
				CLANG_WARN_QUOTED_INCLUDE_IN_FRAMEWORK_HEADER = YES;
				CLANG_WARN_RANGE_LOOP_ANALYSIS = YES;
				CLANG_WARN_STRICT_PROTOTYPES = YES;
				CLANG_WARN_SUSPICIOUS_MOVE = YES;
				CLANG_WARN_UNGUARDED_AVAILABILITY = YES_AGGRESSIVE;
				CLANG_WARN_UNREACHABLE_CODE = YES;
				CLANG_WARN__DUPLICATE_METHOD_MATCH = YES;
				COPY_PHASE_STRIP = NO;
				DEBUG_INFORMATION_FORMAT = dwarf;
				ENABLE_STRICT_OBJC_MSGSEND = YES;
				ENABLE_TESTABILITY = YES;
				GCC_C_LANGUAGE_STANDARD = gnu11;
				GCC_DYNAMIC_NO_PIC = NO;
				GCC_NO_COMMON_BLOCKS = YES;
				GCC_OPTIMIZATION_LEVEL = 0;
				GCC_PREPROCESSOR_DEFINITIONS = (
					"DEBUG=1",
					"$(inherited)",
				);
				GCC_WARN_64_TO_32_BIT_CONVERSION = YES;
				GCC_WARN_ABOUT_RETURN_TYPE = YES_ERROR;
				GCC_WARN_UNDECLARED_SELECTOR = YES;
				GCC_WARN_UNINITIALIZED_AUTOS = YES_AGGRESSIVE;
				GCC_WARN_UNUSED_FUNCTION = YES;
				GCC_WARN_UNUSED_VARIABLE = YES;
				IPHONEOS_DEPLOYMENT_TARGET = 16.4;
				MTL_ENABLE_DEBUG_INFO = INCLUDE_SOURCE;
				MTL_FAST_MATH = YES;
				ONLY_ACTIVE_ARCH = YES;
				SDKROOT = iphoneos;
				SWIFT_ACTIVE_COMPILATION_CONDITIONS = DEBUG;
				SWIFT_OPTIMIZATION_LEVEL = "-Onone";
			};
			name = Debug;
		};
		30415B6B2AACC319009956DD /* Release */ = {
			isa = XCBuildConfiguration;
			buildSettings = {
				ALWAYS_SEARCH_USER_PATHS = NO;
				CLANG_ANALYZER_NONNULL = YES;
				CLANG_ANALYZER_NUMBER_OBJECT_CONVERSION = YES_AGGRESSIVE;
				CLANG_CXX_LANGUAGE_STANDARD = "gnu++20";
				CLANG_ENABLE_MODULES = YES;
				CLANG_ENABLE_OBJC_ARC = YES;
				CLANG_ENABLE_OBJC_WEAK = YES;
				CLANG_WARN_BLOCK_CAPTURE_AUTORELEASING = YES;
				CLANG_WARN_BOOL_CONVERSION = YES;
				CLANG_WARN_COMMA = YES;
				CLANG_WARN_CONSTANT_CONVERSION = YES;
				CLANG_WARN_DEPRECATED_OBJC_IMPLEMENTATIONS = YES;
				CLANG_WARN_DIRECT_OBJC_ISA_USAGE = YES_ERROR;
				CLANG_WARN_DOCUMENTATION_COMMENTS = YES;
				CLANG_WARN_EMPTY_BODY = YES;
				CLANG_WARN_ENUM_CONVERSION = YES;
				CLANG_WARN_INFINITE_RECURSION = YES;
				CLANG_WARN_INT_CONVERSION = YES;
				CLANG_WARN_NON_LITERAL_NULL_CONVERSION = YES;
				CLANG_WARN_OBJC_IMPLICIT_RETAIN_SELF = YES;
				CLANG_WARN_OBJC_LITERAL_CONVERSION = YES;
				CLANG_WARN_OBJC_ROOT_CLASS = YES_ERROR;
				CLANG_WARN_QUOTED_INCLUDE_IN_FRAMEWORK_HEADER = YES;
				CLANG_WARN_RANGE_LOOP_ANALYSIS = YES;
				CLANG_WARN_STRICT_PROTOTYPES = YES;
				CLANG_WARN_SUSPICIOUS_MOVE = YES;
				CLANG_WARN_UNGUARDED_AVAILABILITY = YES_AGGRESSIVE;
				CLANG_WARN_UNREACHABLE_CODE = YES;
				CLANG_WARN__DUPLICATE_METHOD_MATCH = YES;
				COPY_PHASE_STRIP = NO;
				DEBUG_INFORMATION_FORMAT = "dwarf-with-dsym";
				ENABLE_NS_ASSERTIONS = NO;
				ENABLE_STRICT_OBJC_MSGSEND = YES;
				GCC_C_LANGUAGE_STANDARD = gnu11;
				GCC_NO_COMMON_BLOCKS = YES;
				GCC_WARN_64_TO_32_BIT_CONVERSION = YES;
				GCC_WARN_ABOUT_RETURN_TYPE = YES_ERROR;
				GCC_WARN_UNDECLARED_SELECTOR = YES;
				GCC_WARN_UNINITIALIZED_AUTOS = YES_AGGRESSIVE;
				GCC_WARN_UNUSED_FUNCTION = YES;
				GCC_WARN_UNUSED_VARIABLE = YES;
				IPHONEOS_DEPLOYMENT_TARGET = 16.4;
				MTL_ENABLE_DEBUG_INFO = NO;
				MTL_FAST_MATH = YES;
				SDKROOT = iphoneos;
				SWIFT_COMPILATION_MODE = wholemodule;
				SWIFT_OPTIMIZATION_LEVEL = "-O";
				VALIDATE_PRODUCT = YES;
			};
			name = Release;
		};
		30415B6D2AACC319009956DD /* Debug */ = {
			isa = XCBuildConfiguration;
			buildSettings = {
				ASSETCATALOG_COMPILER_APPICON_NAME = AppIcon;
				ASSETCATALOG_COMPILER_GLOBAL_ACCENT_COLOR_NAME = AccentColor;
				CLANG_ENABLE_MODULES = YES;
				CODE_SIGN_STYLE = Automatic;
				CURRENT_PROJECT_VERSION = 1;
				DEVELOPMENT_ASSET_PATHS = "\"Wordle/Preview Content\"";
				DEVELOPMENT_TEAM = L7L7CGJTMH;
				ENABLE_PREVIEWS = YES;
				GENERATE_INFOPLIST_FILE = YES;
				INFOPLIST_KEY_UIApplicationSceneManifest_Generation = YES;
				INFOPLIST_KEY_UIApplicationSupportsIndirectInputEvents = YES;
				INFOPLIST_KEY_UILaunchScreen_Generation = YES;
				INFOPLIST_KEY_UISupportedInterfaceOrientations_iPad = "UIInterfaceOrientationPortrait UIInterfaceOrientationPortraitUpsideDown UIInterfaceOrientationLandscapeLeft UIInterfaceOrientationLandscapeRight";
				INFOPLIST_KEY_UISupportedInterfaceOrientations_iPhone = "UIInterfaceOrientationPortrait UIInterfaceOrientationLandscapeLeft UIInterfaceOrientationLandscapeRight";
				LD_RUNPATH_SEARCH_PATHS = (
					"$(inherited)",
					"@executable_path/Frameworks",
				);
				MARKETING_VERSION = 1.0;
				PRODUCT_BUNDLE_IDENTIFIER = de.chhb.Wordle;
				PRODUCT_NAME = "$(TARGET_NAME)";
				SWIFT_EMIT_LOC_STRINGS = YES;
				SWIFT_OPTIMIZATION_LEVEL = "-Onone";
				SWIFT_VERSION = 5.0;
				TARGETED_DEVICE_FAMILY = "1,2";
			};
			name = Debug;
		};
		30415B6E2AACC319009956DD /* Release */ = {
			isa = XCBuildConfiguration;
			buildSettings = {
				ASSETCATALOG_COMPILER_APPICON_NAME = AppIcon;
				ASSETCATALOG_COMPILER_GLOBAL_ACCENT_COLOR_NAME = AccentColor;
				CLANG_ENABLE_MODULES = YES;
				CODE_SIGN_STYLE = Automatic;
				CURRENT_PROJECT_VERSION = 1;
				DEVELOPMENT_ASSET_PATHS = "\"Wordle/Preview Content\"";
				DEVELOPMENT_TEAM = L7L7CGJTMH;
				ENABLE_PREVIEWS = YES;
				GENERATE_INFOPLIST_FILE = YES;
				INFOPLIST_KEY_UIApplicationSceneManifest_Generation = YES;
				INFOPLIST_KEY_UIApplicationSupportsIndirectInputEvents = YES;
				INFOPLIST_KEY_UILaunchScreen_Generation = YES;
				INFOPLIST_KEY_UISupportedInterfaceOrientations_iPad = "UIInterfaceOrientationPortrait UIInterfaceOrientationPortraitUpsideDown UIInterfaceOrientationLandscapeLeft UIInterfaceOrientationLandscapeRight";
				INFOPLIST_KEY_UISupportedInterfaceOrientations_iPhone = "UIInterfaceOrientationPortrait UIInterfaceOrientationLandscapeLeft UIInterfaceOrientationLandscapeRight";
				LD_RUNPATH_SEARCH_PATHS = (
					"$(inherited)",
					"@executable_path/Frameworks",
				);
				MARKETING_VERSION = 1.0;
				PRODUCT_BUNDLE_IDENTIFIER = de.chhb.Wordle;
				PRODUCT_NAME = "$(TARGET_NAME)";
				SWIFT_EMIT_LOC_STRINGS = YES;
				SWIFT_VERSION = 5.0;
				TARGETED_DEVICE_FAMILY = "1,2";
			};
			name = Release;
		};
/* End XCBuildConfiguration section */

/* Begin XCConfigurationList section */
		30415B432AACC318009956DD /* Build configuration list for PBXProject "Wordle" */ = {
			isa = XCConfigurationList;
			buildConfigurations = (
				30415B6A2AACC319009956DD /* Debug */,
				30415B6B2AACC319009956DD /* Release */,
			);
			defaultConfigurationIsVisible = 0;
			defaultConfigurationName = Release;
		};
		30415B6C2AACC319009956DD /* Build configuration list for PBXNativeTarget "Wordle" */ = {
			isa = XCConfigurationList;
			buildConfigurations = (
				30415B6D2AACC319009956DD /* Debug */,
				30415B6E2AACC319009956DD /* Release */,
			);
			defaultConfigurationIsVisible = 0;
			defaultConfigurationName = Release;
		};
/* End XCConfigurationList section */
	};
	rootObject = 30415B402AACC318009956DD /* Project object */;
}
